<?xml version="1.0" encoding="utf-8"?>
<Project ToolsVersion="4.0" xmlns="http://schemas.microsoft.com/developer/msbuild/2003">
  <ItemGroup>
    <Filter Include="Source Files">
      <UniqueIdentifier>{4FC737F1-C7A5-4376-A066-2A32D752A2FF}</UniqueIdentifier>
      <Extensions>cpp;c;cc;cxx;def;odl;idl;hpj;bat;asm;asmx</Extensions>
    </Filter>
    <Filter Include="Header Files">
      <UniqueIdentifier>{93995380-89BD-4b04-88EB-625FBE52EBFB}</UniqueIdentifier>
      <Extensions>h;hh;hpp;hxx;hm;inl;inc;ipp;xsd</Extensions>
    </Filter>
    <Filter Include="Resource Files">
      <UniqueIdentifier>{67DA6AB6-F800-4c08-8B7A-83BB121AAD01}</UniqueIdentifier>
      <Extensions>rc;ico;cur;bmp;dlg;rc2;rct;bin;rgs;gif;jpg;jpeg;jpe;resx;tiff;tif;png;wav;mfcribbon-ms</Extensions>
    </Filter>
  </ItemGroup>
  <ItemGroup>
    <ClCompile Include="main.cpp">
      <Filter>Source Files</Filter>
    </ClCompile>
    <ClCompile Include="all_filters.cpp">
      <Filter>Source Files</Filter>
    </ClCompile>
    <ClCompile Include="brief_simple_geometric_drawing.cpp">
      <Filter>Source Files</Filter>
    </ClCompile>
    <ClCompile Include="drawing_random_lines.cpp">
      <Filter>Source Files</Filter>
    </ClCompile>
    <ClCompile Include="dilation_erosion.cpp">
      <Filter>Source Files</Filter>
    </ClCompile>
    <ClCompile Include="more_morphology_transformations.cpp">
      <Filter>Source Files</Filter>
    </ClCompile>
    <ClCompile Include="extract_horizontal_and_vertical_lines_by_using_morphological_operations.cpp">
      <Filter>Source Files</Filter>
    </ClCompile>
    <ClCompile Include="gaussian_pyramid.cpp">
      <Filter>Source Files</Filter>
    </ClCompile>
    <ClCompile Include="basic_thresholding_operations.cpp">
      <Filter>Source Files</Filter>
    </ClCompile>
    <ClCompile Include="color_thresholding.cpp">
      <Filter>Source Files</Filter>
    </ClCompile>
    <ClCompile Include="adding_borders_to_your_images.cpp">
      <Filter>Source Files</Filter>
    </ClCompile>
    <ClCompile Include="make_your_own_filter.cpp">
      <Filter>Source Files</Filter>
    </ClCompile>
    <ClCompile Include="sobel_derivatives.cpp">
      <Filter>Source Files</Filter>
    </ClCompile>
    <ClCompile Include="laplace_derivatives.cpp">
      <Filter>Source Files</Filter>
    </ClCompile>
    <ClCompile Include="canny_function.cpp">
      <Filter>Source Files</Filter>
    </ClCompile>
    <ClCompile Include="hough_line_transform.cpp">
      <Filter>Source Files</Filter>
    </ClCompile>
    <ClCompile Include="affine_transformations.cpp">
      <Filter>Source Files</Filter>
    </ClCompile>
    <ClCompile Include="histogram_calculation.cpp">
      <Filter>Source Files</Filter>
    </ClCompile>
    <ClCompile Include="histogram_comparsion.cpp">
      <Filter>Source Files</Filter>
    </ClCompile>
    <ClCompile Include="backprojection.cpp">
      <Filter>Source Files</Filter>
    </ClCompile>
    <ClCompile Include="template_matching.cpp">
      <Filter>Source Files</Filter>
    </ClCompile>
    <ClCompile Include="convex_hull.cpp">
      <Filter>Source Files</Filter>
    </ClCompile>
    <ClCompile Include="creating_bounding_boxes_and_circles_for_contours.cpp">
      <Filter>Source Files</Filter>
    </ClCompile>
    <ClCompile Include="finding_contours_in_your_image.cpp">
      <Filter>Source Files</Filter>
    </ClCompile>
    <ClCompile Include="hit_or_miss.cpp">
      <Filter>Source Files</Filter>
    </ClCompile>
  </ItemGroup>
  <ItemGroup>
    <ClInclude Include="drawing_random_lines.h">
      <Filter>Header Files</Filter>
    </ClInclude>
    <ClInclude Include="brief_simple_geometric_drawing.h">
      <Filter>Header Files</Filter>
    </ClInclude>
    <ClInclude Include="all_filters.h">
      <Filter>Header Files</Filter>
    </ClInclude>
    <ClInclude Include="dilation_erosion.h">
      <Filter>Header Files</Filter>
    </ClInclude>
    <ClInclude Include="more_morphology_transformations.h">
      <Filter>Header Files</Filter>
    </ClInclude>
    <ClInclude Include="extract_horizontal_and_vertical_lines_by_using_morphological_operations.h">
      <Filter>Header Files</Filter>
    </ClInclude>
    <ClInclude Include="gaussian_pyramid.h">
      <Filter>Header Files</Filter>
    </ClInclude>
    <ClInclude Include="basic_thresholding_operations.h">
      <Filter>Header Files</Filter>
    </ClInclude>
    <ClInclude Include="color_thresholding.h">
      <Filter>Header Files</Filter>
    </ClInclude>
    <ClInclude Include="adding_borders_to_your_images.h">
      <Filter>Header Files</Filter>
    </ClInclude>
    <ClInclude Include="make_your_own_filter.h">
      <Filter>Header Files</Filter>
    </ClInclude>
    <ClInclude Include="sobel_derivatives.h">
      <Filter>Header Files</Filter>
    </ClInclude>
    <ClInclude Include="laplace_derivatives.h">
      <Filter>Header Files</Filter>
    </ClInclude>
    <ClInclude Include="canny_function.h">
      <Filter>Header Files</Filter>
    </ClInclude>
    <ClInclude Include="hough_line_transform.h">
      <Filter>Header Files</Filter>
    </ClInclude>
    <ClInclude Include="affine_transformations.h">
      <Filter>Header Files</Filter>
    </ClInclude>
    <ClInclude Include="histogram_calculation.h">
      <Filter>Header Files</Filter>
    </ClInclude>
    <ClInclude Include="histogram_comparsion.h">
      <Filter>Header Files</Filter>
    </ClInclude>
    <ClInclude Include="backprojection.h">
      <Filter>Header Files</Filter>
    </ClInclude>
    <ClInclude Include="template_matching.h">
      <Filter>Header Files</Filter>
    </ClInclude>
    <ClInclude Include="finding_contours_in_your_image.h">
      <Filter>Header Files</Filter>
    </ClInclude>
    <ClInclude Include="convex_hull.h">
      <Filter>Header Files</Filter>
    </ClInclude>
    <ClInclude Include="creating_bounding_boxes_and_circles_for_contours.h">
      <Filter>Header Files</Filter>
    </ClInclude>
    <ClInclude Include="hit_or_miss.h">
      <Filter>Header Files</Filter>
    </ClInclude>
    <ClInclude Include="resource.h">
      <Filter>Header Files</Filter>
    </ClInclude>
  </ItemGroup>
</Project>